
Microsoft Visual Studio Solution File, Format Version 12.00
# Visual Studio Version 17
VisualStudioVersion = 17.14.36221.1 d17.14
MinimumVisualStudioVersion = 10.0.40219.1
Project("{FAE04EC0-301F-11D3-BF4B-00C04F79EFBC}") = "Assignment_1.3.3", "Assignment_1.3.3.csproj", "{BBF7DB12-BC1D-4847-98F7-5374FA0C085C}"
EndProject
Global
	GlobalSection(SolutionConfigurationPlatforms) = preSolution
		Debug|Any CPU = Debug|Any CPU
		Release|Any CPU = Release|Any CPU
	EndGlobalSection
	GlobalSection(ProjectConfigurationPlatforms) = postSolution
		{BBF7DB12-BC1D-4847-98F7-5374FA0C085C}.Debug|Any CPU.ActiveCfg = Debug|Any CPU
		{BBF7DB12-BC1D-4847-98F7-5374FA0C085C}.Debug|Any CPU.Build.0 = Debug|Any CPU
		{BBF7DB12-BC1D-4847-98F7-5374FA0C085C}.Release|Any CPU.ActiveCfg = Release|Any CPU
		{BBF7DB12-BC1D-4847-98F7-5374FA0C085C}.Release|Any CPU.Build.0 = Release|Any CPU
	EndGlobalSection
	GlobalSection(SolutionProperties) = preSolution
		HideSolutionNode = FALSE
	EndGlobalSection
	GlobalSection(ExtensibilityGlobals) = postSolution
		SolutionGuid = {078027E6-3794-4484-A034-DF7BD86AF759}
	EndGlobalSection
EndGlobal
